
Microsoft Visual Studio Solution File, Format Version 12.00
# Visual Studio Version 16
VisualStudioVersion = 25.0.1705.7
MinimumVisualStudioVersion = 10.0.40219.1
Project("{FAE04EC0-301F-11D3-BF4B-00C04F79EFBC}") = "lampbearer", "lampbearer.csproj", "{EB3AAC7A-7331-4129-9A17-124B2FF96D8E}"
EndProject
Global
	GlobalSection(SolutionConfigurationPlatforms) = preSolution
		Debug|Any CPU = Debug|Any CPU
		Release|Any CPU = Release|Any CPU
	EndGlobalSection
	GlobalSection(ProjectConfigurationPlatforms) = postSolution
		{EB3AAC7A-7331-4129-9A17-124B2FF96D8E}.Debug|Any CPU.ActiveCfg = Debug|Any CPU
		{EB3AAC7A-7331-4129-9A17-124B2FF96D8E}.Debug|Any CPU.Build.0 = Debug|Any CPU
		{EB3AAC7A-7331-4129-9A17-124B2FF96D8E}.Release|Any CPU.ActiveCfg = Release|Any CPU
		{EB3AAC7A-7331-4129-9A17-124B2FF96D8E}.Release|Any CPU.Build.0 = Release|Any CPU
	EndGlobalSection
	GlobalSection(SolutionProperties) = preSolution
		HideSolutionNode = FALSE
	EndGlobalSection
	GlobalSection(ExtensibilityGlobals) = postSolution
		SolutionGuid = {E1CAF46C-DD42-4979-A1A1-0496E1F11179}
	EndGlobalSection
EndGlobal
